{
  "version": 4,
  "terraform_version": "1.14.3",
  "serial": 132,
  "lineage": "908e8dfc-0f60-e924-0728-12695e5d4a10",
  "outputs": {
    "webhook_url": {
      "value": "https://ipjfu2qgmc.execute-api.ap-northeast-1.amazonaws.com/prod/webhook",
      "type": "string"
    }
  },
  "resources": [
    {
      "mode": "data",
      "type": "aws_caller_identity",
      "name": "current",
      "provider": "provider[\"registry.terraform.io/hashicorp/aws\"]",
      "instances": [
        {
          "schema_version": 0,
          "attributes": {
            "account_id": "992382383081",
            "arn": "arn:aws:iam::992382383081:user/nikolai_admin",
            "id": "992382383081",
            "user_id": "AIDA6ODUZOPUSJU3XEJT4"
          },
          "sensitive_attributes": [],
          "identity_schema_version": 0
        }
      ]
    },
    {
      "mode": "managed",
      "type": "aws_api_gateway_deployment",
      "name": "prod",
      "provider": "provider[\"registry.terraform.io/hashicorp/aws\"]",
      "instances": [
        {
          "schema_version": 0,
          "attributes": {
            "canary_settings": [],
            "created_date": "2026-04-04T09:48:24Z",
            "description": "",
            "execution_arn": "arn:aws:execute-api:ap-northeast-1:992382383081:ipjfu2qgmc/",
            "id": "dyo1el",
            "invoke_url": "https://ipjfu2qgmc.execute-api.ap-northeast-1.amazonaws.com/",
            "rest_api_id": "ipjfu2qgmc",
            "stage_description": null,
            "stage_name": null,
            "triggers": {
              "redeployment": "529a65cbce60ca38508f1c4ff6ec332bad4626a3"
            },
            "variables": null
          },
          "sensitive_attributes": [],
          "identity_schema_version": 0,
          "private": "bnVsbA==",
          "dependencies": [
            "aws_api_gateway_integration.sqs",
            "aws_api_gateway_integration_response.ok",
            "aws_api_gateway_method.post",
            "aws_api_gateway_method_response.ok",
            "aws_api_gateway_resource.webhook",
            "aws_api_gateway_rest_api.bot",
            "aws_iam_role.apigw_sqs_role",
            "aws_sqs_queue.bot",
            "aws_sqs_queue.bot_dlq",
            "data.aws_caller_identity.current"
          ],
          "create_before_destroy": true
        }
      ]
    },
    {
      "mode": "managed",
      "type": "aws_api_gateway_integration",
      "name": "sqs",
      "provider": "provider[\"registry.terraform.io/hashicorp/aws\"]",
      "instances": [
        {
          "schema_version": 0,
          "attributes": {
            "cache_key_parameters": [],
            "cache_namespace": "hwujqy",
            "connection_id": "",
            "connection_type": "INTERNET",
            "content_handling": "",
            "credentials": "arn:aws:iam::992382383081:role/telegram-food-bot-apigw-sqs-role",
            "http_method": "POST",
            "id": "agi-ipjfu2qgmc-hwujqy-POST",
            "integration_http_method": "POST",
            "passthrough_behavior": "WHEN_NO_MATCH",
            "request_parameters": {
              "integration.request.header.Content-Type": "'application/x-www-form-urlencoded'"
            },
            "request_templates": {
              "application/json": "Action=SendMessage\u0026MessageBody=$util.urlEncode($input.body)"
            },
            "resource_id": "hwujqy",
            "rest_api_id": "ipjfu2qgmc",
            "timeout_milliseconds": 29000,
            "tls_config": [],
            "type": "AWS",
            "uri": "arn:aws:apigateway:ap-northeast-1:sqs:path/992382383081/telegram-food-bot-queue"
          },
          "sensitive_attributes": [],
          "identity_schema_version": 0,
          "private": "bnVsbA==",
          "dependencies": [
            "aws_api_gateway_resource.webhook",
            "aws_api_gateway_rest_api.bot",
            "aws_iam_role.apigw_sqs_role",
            "aws_sqs_queue.bot",
            "aws_sqs_queue.bot_dlq",
            "data.aws_caller_identity.current"
          ],
          "create_before_destroy": true
        }
      ]
    },
    {
      "mode": "managed",
      "type": "aws_api_gateway_integration_response",
      "name": "ok",
      "provider": "provider[\"registry.terraform.io/hashicorp/aws\"]",
      "instances": [
        {
          "schema_version": 0,
          "attributes": {
            "content_handling": "",
            "http_method": "POST",
            "id": "agir-ipjfu2qgmc-hwujqy-POST-200",
            "resource_id": "hwujqy",
            "response_parameters": null,
            "response_templates": null,
            "rest_api_id": "ipjfu2qgmc",
            "selection_pattern": "",
            "status_code": "200"
          },
          "sensitive_attributes": [],
          "identity_schema_version": 0,
          "private": "bnVsbA==",
          "dependencies": [
            "aws_api_gateway_integration.sqs",
            "aws_api_gateway_method.post",
            "aws_api_gateway_method_response.ok",
            "aws_api_gateway_resource.webhook",
            "aws_api_gateway_rest_api.bot",
            "aws_iam_role.apigw_sqs_role",
            "aws_sqs_queue.bot",
            "aws_sqs_queue.bot_dlq",
            "data.aws_caller_identity.current"
          ],
          "create_before_destroy": true
        }
      ]
    },
    {
      "mode": "managed",
      "type": "aws_api_gateway_method",
      "name": "post",
      "provider": "provider[\"registry.terraform.io/hashicorp/aws\"]",
      "instances": [
        {
          "schema_version": 0,
          "attributes": {
            "api_key_required": false,
            "authorization": "NONE",
            "authorization_scopes": [],
            "authorizer_id": "",
            "http_method": "POST",
            "id": "agm-ipjfu2qgmc-hwujqy-POST",
            "operation_name": "",
            "request_models": {},
            "request_parameters": {},
            "request_validator_id": "",
            "resource_id": "hwujqy",
            "rest_api_id": "ipjfu2qgmc"
          },
          "sensitive_attributes": [],
          "identity_schema_version": 0,
          "private": "bnVsbA==",
          "dependencies": [
            "aws_api_gateway_resource.webhook",
            "aws_api_gateway_rest_api.bot"
          ],
          "create_before_destroy": true
        }
      ]
    },
    {
      "mode": "managed",
      "type": "aws_api_gateway_method_response",
      "name": "ok",
      "provider": "provider[\"registry.terraform.io/hashicorp/aws\"]",
      "instances": [
        {
          "schema_version": 0,
          "attributes": {
            "http_method": "POST",
            "id": "agmr-ipjfu2qgmc-hwujqy-POST-200",
            "resource_id": "hwujqy",
            "response_models": null,
            "response_parameters": null,
            "rest_api_id": "ipjfu2qgmc",
            "status_code": "200"
          },
          "sensitive_attributes": [],
          "identity_schema_version": 0,
          "private": "bnVsbA==",
          "dependencies": [
            "aws_api_gateway_method.post",
            "aws_api_gateway_resource.webhook",
            "aws_api_gateway_rest_api.bot"
          ],
          "create_before_destroy": true
        }
      ]
    },
    {
      "mode": "managed",
      "type": "aws_api_gateway_resource",
      "name": "webhook",
      "provider": "provider[\"registry.terraform.io/hashicorp/aws\"]",
      "instances": [
        {
          "schema_version": 0,
          "attributes": {
            "id": "hwujqy",
            "parent_id": "ndtdwjsv84",
            "path": "/webhook",
            "path_part": "webhook",
            "rest_api_id": "ipjfu2qgmc"
          },
          "sensitive_attributes": [],
          "identity_schema_version": 0,
          "private": "bnVsbA==",
          "dependencies": [
            "aws_api_gateway_rest_api.bot"
          ],
          "create_before_destroy": true
        }
      ]
    },
    {
      "mode": "managed",
      "type": "aws_api_gateway_rest_api",
      "name": "bot",
      "provider": "provider[\"registry.terraform.io/hashicorp/aws\"]",
      "instances": [
        {
          "schema_version": 0,
          "attributes": {
            "api_key_source": "HEADER",
            "arn": "arn:aws:apigateway:ap-northeast-1::/restapis/ipjfu2qgmc",
            "binary_media_types": [],
            "body": null,
            "created_date": "2026-04-04T09:44:49Z",
            "description": "",
            "disable_execute_api_endpoint": false,
            "endpoint_configuration": [
              {
                "ip_address_type": "ipv4",
                "types": [
                  "EDGE"
                ],
                "vpc_endpoint_ids": []
              }
            ],
            "execution_arn": "arn:aws:execute-api:ap-northeast-1:992382383081:ipjfu2qgmc",
            "fail_on_warnings": null,
            "id": "ipjfu2qgmc",
            "minimum_compression_size": "",
            "name": "telegram-food-bot-api",
            "parameters": null,
            "policy": "",
            "put_rest_api_mode": null,
            "root_resource_id": "ndtdwjsv84",
            "tags": {},
            "tags_all": {}
          },
          "sensitive_attributes": [],
          "identity_schema_version": 0,
          "private": "bnVsbA==",
          "create_before_destroy": true
        }
      ]
    },
    {
      "mode": "managed",
      "type": "aws_api_gateway_stage",
      "name": "prod",
      "provider": "provider[\"registry.terraform.io/hashicorp/aws\"]",
      "instances": [
        {
          "schema_version": 0,
          "attributes": {
            "access_log_settings": [],
            "arn": "arn:aws:apigateway:ap-northeast-1::/restapis/ipjfu2qgmc/stages/prod",
            "cache_cluster_enabled": false,
            "cache_cluster_size": "",
            "canary_settings": [],
            "client_certificate_id": "",
            "deployment_id": "dyo1el",
            "description": "",
            "documentation_version": "",
            "execution_arn": "arn:aws:execute-api:ap-northeast-1:992382383081:ipjfu2qgmc/prod",
            "id": "ags-ipjfu2qgmc-prod",
            "invoke_url": "https://ipjfu2qgmc.execute-api.ap-northeast-1.amazonaws.com/prod",
            "rest_api_id": "ipjfu2qgmc",
            "stage_name": "prod",
            "tags": null,
            "tags_all": {},
            "variables": null,
            "web_acl_arn": "",
            "xray_tracing_enabled": false
          },
          "sensitive_attributes": [],
          "identity_schema_version": 0,
          "private": "bnVsbA==",
          "dependencies": [
            "aws_api_gateway_deployment.prod",
            "aws_api_gateway_integration.sqs",
            "aws_api_gateway_integration_response.ok",
            "aws_api_gateway_method.post",
            "aws_api_gateway_method_response.ok",
            "aws_api_gateway_resource.webhook",
            "aws_api_gateway_rest_api.bot",
            "aws_iam_role.apigw_sqs_role",
            "aws_sqs_queue.bot",
            "aws_sqs_queue.bot_dlq",
            "data.aws_caller_identity.current"
          ]
        }
      ]
    },
    {
      "mode": "managed",
      "type": "aws_cloudwatch_log_group",
      "name": "lambda_logs",
      "provider": "provider[\"registry.terraform.io/hashicorp/aws\"]",
      "instances": [
        {
          "schema_version": 0,
          "attributes": {
            "arn": "arn:aws:logs:ap-northeast-1:992382383081:log-group:/aws/lambda/telegram-food-bot-handler",
            "id": "/aws/lambda/telegram-food-bot-handler",
            "kms_key_id": "",
            "log_group_class": "STANDARD",
            "name": "/aws/lambda/telegram-food-bot-handler",
            "name_prefix": "",
            "retention_in_days": 14,
            "skip_destroy": false,
            "tags": {
              "Environment": "dev",
              "ManagedBy": "terraform",
              "Owner": "nick_ursu",
              "Project": "telegram-food-bot"
            },
            "tags_all": {
              "Environment": "dev",
              "ManagedBy": "terraform",
              "Owner": "nick_ursu",
              "Project": "telegram-food-bot"
            }
          },
          "sensitive_attributes": [],
          "identity_schema_version": 0,
          "private": "bnVsbA==",
          "dependencies": [
            "aws_dynamodb_table.food_logs",
            "aws_dynamodb_table.sessions",
            "aws_dynamodb_table.user_profiles",
            "aws_iam_role.lambda_role",
            "aws_lambda_function.bot",
            "aws_s3_bucket.images"
          ]
        }
      ]
    },
    {
      "mode": "managed",
      "type": "aws_dynamodb_table",
      "name": "food_logs",
      "provider": "provider[\"registry.terraform.io/hashicorp/aws\"]",
      "instances": [
        {
          "schema_version": 1,
          "attributes": {
            "arn": "arn:aws:dynamodb:ap-northeast-1:992382383081:table/food_logs",
            "attribute": [
              {
                "name": "timestamp",
                "type": "S"
              },
              {
                "name": "user_id",
                "type": "S"
              }
            ],
            "billing_mode": "PAY_PER_REQUEST",
            "deletion_protection_enabled": false,
            "global_secondary_index": [],
            "hash_key": "user_id",
            "id": "food_logs",
            "import_table": [],
            "local_secondary_index": [],
            "name": "food_logs",
            "on_demand_throughput": [],
            "point_in_time_recovery": [
              {
                "enabled": false,
                "recovery_period_in_days": 0
              }
            ],
            "range_key": "timestamp",
            "read_capacity": 0,
            "replica": [],
            "restore_date_time": null,
            "restore_source_name": null,
            "restore_source_table_arn": null,
            "restore_to_latest_time": null,
            "server_side_encryption": [],
            "stream_arn": "",
            "stream_enabled": false,
            "stream_label": "",
            "stream_view_type": "",
            "table_class": "STANDARD",
            "tags": {
              "Environment": "dev",
              "ManagedBy": "terraform",
              "Owner": "nick_ursu",
              "Project": "telegram-food-bot"
            },
            "tags_all": {
              "Environment": "dev",
              "ManagedBy": "terraform",
              "Owner": "nick_ursu",
              "Project": "telegram-food-bot"
            },
            "timeouts": null,
            "ttl": [
              {
                "attribute_name": "",
                "enabled": false
              }
            ],
            "write_capacity": 0
          },
          "sensitive_attributes": [],
          "identity_schema_version": 0,
          "private": "eyJlMmJmYjczMC1lY2FhLTExZTYtOGY4OC0zNDM2M2JjN2M0YzAiOnsiY3JlYXRlIjoxODAwMDAwMDAwMDAwLCJkZWxldGUiOjYwMDAwMDAwMDAwMCwidXBkYXRlIjozNjAwMDAwMDAwMDAwfSwic2NoZW1hX3ZlcnNpb24iOiIxIn0="
        }
      ]
    },
    {
      "mode": "managed",
      "type": "aws_dynamodb_table",
      "name": "sessions",
      "provider": "provider[\"registry.terraform.io/hashicorp/aws\"]",
      "instances": [
        {
          "schema_version": 1,
          "attributes": {
            "arn": "arn:aws:dynamodb:ap-northeast-1:992382383081:table/sessions",
            "attribute": [
              {
                "name": "user_id",
                "type": "S"
              }
            ],
            "billing_mode": "PAY_PER_REQUEST",
            "deletion_protection_enabled": false,
            "global_secondary_index": [],
            "hash_key": "user_id",
            "id": "sessions",
            "import_table": [],
            "local_secondary_index": [],
            "name": "sessions",
            "on_demand_throughput": [],
            "point_in_time_recovery": [
              {
                "enabled": false,
                "recovery_period_in_days": 0
              }
            ],
            "range_key": null,
            "read_capacity": 0,
            "replica": [],
            "restore_date_time": null,
            "restore_source_name": null,
            "restore_source_table_arn": null,
            "restore_to_latest_time": null,
            "server_side_encryption": [],
            "stream_arn": "",
            "stream_enabled": false,
            "stream_label": "",
            "stream_view_type": "",
            "table_class": "STANDARD",
            "tags": {
              "Environment": "dev",
              "ManagedBy": "terraform",
              "Owner": "nick_ursu",
              "Project": "telegram-food-bot"
            },
            "tags_all": {
              "Environment": "dev",
              "ManagedBy": "terraform",
              "Owner": "nick_ursu",
              "Project": "telegram-food-bot"
            },
            "timeouts": null,
            "ttl": [
              {
                "attribute_name": "ttl",
                "enabled": true
              }
            ],
            "write_capacity": 0
          },
          "sensitive_attributes": [],
          "identity_schema_version": 0,
          "private": "eyJlMmJmYjczMC1lY2FhLTExZTYtOGY4OC0zNDM2M2JjN2M0YzAiOnsiY3JlYXRlIjoxODAwMDAwMDAwMDAwLCJkZWxldGUiOjYwMDAwMDAwMDAwMCwidXBkYXRlIjozNjAwMDAwMDAwMDAwfSwic2NoZW1hX3ZlcnNpb24iOiIxIn0="
        }
      ]
    },
    {
      "mode": "managed",
      "type": "aws_dynamodb_table",
      "name": "user_profiles",
      "provider": "provider[\"registry.terraform.io/hashicorp/aws\"]",
      "instances": [
        {
          "schema_version": 1,
          "attributes": {
            "arn": "arn:aws:dynamodb:ap-northeast-1:992382383081:table/user_profiles",
            "attribute": [
              {
                "name": "user_id",
                "type": "S"
              }
            ],
            "billing_mode": "PAY_PER_REQUEST",
            "deletion_protection_enabled": false,
            "global_secondary_index": [],
            "hash_key": "user_id",
            "id": "user_profiles",
            "import_table": [],
            "local_secondary_index": [],
            "name": "user_profiles",
            "on_demand_throughput": [],
            "point_in_time_recovery": [
              {
                "enabled": false,
                "recovery_period_in_days": 0
              }
            ],
            "range_key": null,
            "read_capacity": 0,
            "replica": [],
            "restore_date_time": null,
            "restore_source_name": null,
            "restore_source_table_arn": null,
            "restore_to_latest_time": null,
            "server_side_encryption": [],
            "stream_arn": "",
            "stream_enabled": false,
            "stream_label": "",
            "stream_view_type": "",
            "table_class": "STANDARD",
            "tags": {
              "Environment": "dev",
              "ManagedBy": "terraform",
              "Owner": "nick_ursu",
              "Project": "telegram-food-bot"
            },
            "tags_all": {
              "Environment": "dev",
              "ManagedBy": "terraform",
              "Owner": "nick_ursu",
              "Project": "telegram-food-bot"
            },
            "timeouts": null,
            "ttl": [
              {
                "attribute_name": "",
                "enabled": false
              }
            ],
            "write_capacity": 0
          },
          "sensitive_attributes": [],
          "identity_schema_version": 0,
          "private": "eyJlMmJmYjczMC1lY2FhLTExZTYtOGY4OC0zNDM2M2JjN2M0YzAiOnsiY3JlYXRlIjoxODAwMDAwMDAwMDAwLCJkZWxldGUiOjYwMDAwMDAwMDAwMCwidXBkYXRlIjozNjAwMDAwMDAwMDAwfSwic2NoZW1hX3ZlcnNpb24iOiIxIn0="
        }
      ]
    },
    {
      "mode": "managed",
      "type": "aws_iam_role",
      "name": "apigw_sqs_role",
      "provider": "provider[\"registry.terraform.io/hashicorp/aws\"]",
      "instances": [
        {
          "schema_version": 0,
          "attributes": {
            "arn": "arn:aws:iam::992382383081:role/telegram-food-bot-apigw-sqs-role",
            "assume_role_policy": "{\"Statement\":[{\"Action\":\"sts:AssumeRole\",\"Effect\":\"Allow\",\"Principal\":{\"Service\":\"apigateway.amazonaws.com\"}}],\"Version\":\"2012-10-17\"}",
            "create_date": "2026-04-04T09:44:49Z",
            "description": "",
            "force_detach_policies": false,
            "id": "telegram-food-bot-apigw-sqs-role",
            "inline_policy": [
              {
                "name": "terraform-20260404094544828100000001",
                "policy": "{\"Version\":\"2012-10-17\",\"Statement\":[{\"Action\":\"sqs:SendMessage\",\"Effect\":\"Allow\",\"Resource\":\"arn:aws:sqs:ap-northeast-1:992382383081:telegram-food-bot-queue\"}]}"
              }
            ],
            "managed_policy_arns": [],
            "max_session_duration": 3600,
            "name": "telegram-food-bot-apigw-sqs-role",
            "name_prefix": "",
            "path": "/",
            "permissions_boundary": "",
            "tags": {},
            "tags_all": {},
            "unique_id": "AROA6ODUZOPUZB4RFTGRW"
          },
          "sensitive_attributes": [],
          "identity_schema_version": 0,
          "private": "bnVsbA==",
          "create_before_destroy": true
        }
      ]
    },
    {
      "mode": "managed",
      "type": "aws_iam_role",
      "name": "lambda_role",
      "provider": "provider[\"registry.terraform.io/hashicorp/aws\"]",
      "instances": [
        {
          "schema_version": 0,
          "attributes": {
            "arn": "arn:aws:iam::992382383081:role/telegram-food-bot-lambda-role",
            "assume_role_policy": "{\"Statement\":[{\"Action\":\"sts:AssumeRole\",\"Effect\":\"Allow\",\"Principal\":{\"Service\":\"lambda.amazonaws.com\"}}],\"Version\":\"2012-10-17\"}",
            "create_date": "2026-01-21T11:17:45Z",
            "description": "",
            "force_detach_policies": false,
            "id": "telegram-food-bot-lambda-role",
            "inline_policy": [
              {
                "name": "telegram-food-bot-lambda-policy",
                "policy": "{\"Version\":\"2012-10-17\",\"Statement\":[{\"Action\":[\"logs:CreateLogGroup\",\"logs:CreateLogStream\",\"logs:PutLogEvents\"],\"Effect\":\"Allow\",\"Resource\":\"*\"},{\"Action\":[\"textract:DetectDocumentText\"],\"Effect\":\"Allow\",\"Resource\":\"*\"},{\"Action\":[\"dynamodb:PutItem\",\"dynamodb:Query\",\"dynamodb:DeleteItem\"],\"Effect\":\"Allow\",\"Resource\":\"arn:aws:dynamodb:ap-northeast-1:992382383081:table/food_logs\"},{\"Action\":[\"dynamodb:PutItem\",\"dynamodb:GetItem\"],\"Effect\":\"Allow\",\"Resource\":\"arn:aws:dynamodb:ap-northeast-1:992382383081:table/user_profiles\"},{\"Action\":[\"dynamodb:PutItem\",\"dynamodb:GetItem\",\"dynamodb:DeleteItem\"],\"Effect\":\"Allow\",\"Resource\":\"arn:aws:dynamodb:ap-northeast-1:992382383081:table/sessions\"},{\"Action\":[\"s3:PutObject\"],\"Effect\":\"Allow\",\"Resource\":\"arn:aws:s3:::telegram-food-bot-images-dev-tokyo/*\"},{\"Action\":[\"ssm:GetParameter\"],\"Effect\":\"Allow\",\"Resource\":\"*\"},{\"Action\":[\"sqs:ReceiveMessage\",\"sqs:DeleteMessage\",\"sqs:GetQueueAttributes\"],\"Effect\":\"Allow\",\"Resource\":\"arn:aws:sqs:ap-northeast-1:992382383081:telegram-food-bot-queue\"}]}"
              }
            ],
            "managed_policy_arns": [],
            "max_session_duration": 3600,
            "name": "telegram-food-bot-lambda-role",
            "name_prefix": "",
            "path": "/",
            "permissions_boundary": "",
            "tags": {
              "Environment": "dev",
              "ManagedBy": "terraform",
              "Owner": "nick_ursu",
              "Project": "telegram-food-bot"
            },
            "tags_all": {
              "Environment": "dev",
              "ManagedBy": "terraform",
              "Owner": "nick_ursu",
              "Project": "telegram-food-bot"
            },
            "unique_id": "AROA6ODUZOPUXXNI4FOA5"
          },
          "sensitive_attributes": [],
          "identity_schema_version": 0,
          "private": "bnVsbA=="
        }
      ]
    },
    {
      "mode": "managed",
      "type": "aws_iam_role_policy",
      "name": "apigw_sqs_policy",
      "provider": "provider[\"registry.terraform.io/hashicorp/aws\"]",
      "instances": [
        {
          "schema_version": 0,
          "attributes": {
            "id": "telegram-food-bot-apigw-sqs-role:terraform-20260404094544828100000001",
            "name": "terraform-20260404094544828100000001",
            "name_prefix": "terraform-",
            "policy": "{\"Version\":\"2012-10-17\",\"Statement\":[{\"Action\":\"sqs:SendMessage\",\"Effect\":\"Allow\",\"Resource\":\"arn:aws:sqs:ap-northeast-1:992382383081:telegram-food-bot-queue\"}]}",
            "role": "telegram-food-bot-apigw-sqs-role"
          },
          "sensitive_attributes": [],
          "identity_schema_version": 0,
          "private": "bnVsbA==",
          "dependencies": [
            "aws_iam_role.apigw_sqs_role",
            "aws_sqs_queue.bot",
            "aws_sqs_queue.bot_dlq"
          ]
        }
      ]
    },
    {
      "mode": "managed",
      "type": "aws_iam_role_policy",
      "name": "lambda_policy",
      "provider": "provider[\"registry.terraform.io/hashicorp/aws\"]",
      "instances": [
        {
          "schema_version": 0,
          "attributes": {
            "id": "telegram-food-bot-lambda-role:telegram-food-bot-lambda-policy",
            "name": "telegram-food-bot-lambda-policy",
            "name_prefix": "",
            "policy": "{\"Version\":\"2012-10-17\",\"Statement\":[{\"Action\":[\"logs:CreateLogGroup\",\"logs:CreateLogStream\",\"logs:PutLogEvents\"],\"Effect\":\"Allow\",\"Resource\":\"*\"},{\"Action\":[\"textract:DetectDocumentText\"],\"Effect\":\"Allow\",\"Resource\":\"*\"},{\"Action\":[\"dynamodb:PutItem\",\"dynamodb:Query\",\"dynamodb:DeleteItem\"],\"Effect\":\"Allow\",\"Resource\":\"arn:aws:dynamodb:ap-northeast-1:992382383081:table/food_logs\"},{\"Action\":[\"dynamodb:PutItem\",\"dynamodb:GetItem\"],\"Effect\":\"Allow\",\"Resource\":\"arn:aws:dynamodb:ap-northeast-1:992382383081:table/user_profiles\"},{\"Action\":[\"dynamodb:PutItem\",\"dynamodb:GetItem\",\"dynamodb:DeleteItem\"],\"Effect\":\"Allow\",\"Resource\":\"arn:aws:dynamodb:ap-northeast-1:992382383081:table/sessions\"},{\"Action\":[\"s3:PutObject\"],\"Effect\":\"Allow\",\"Resource\":\"arn:aws:s3:::telegram-food-bot-images-dev-tokyo/*\"},{\"Action\":[\"ssm:GetParameter\"],\"Effect\":\"Allow\",\"Resource\":\"*\"},{\"Action\":[\"sqs:ReceiveMessage\",\"sqs:DeleteMessage\",\"sqs:GetQueueAttributes\"],\"Effect\":\"Allow\",\"Resource\":\"arn:aws:sqs:ap-northeast-1:992382383081:telegram-food-bot-queue\"}]}",
            "role": "telegram-food-bot-lambda-role"
          },
          "sensitive_attributes": [],
          "identity_schema_version": 0,
          "private": "bnVsbA==",
          "dependencies": [
            "aws_dynamodb_table.food_logs",
            "aws_dynamodb_table.sessions",
            "aws_dynamodb_table.user_profiles",
            "aws_iam_role.lambda_role",
            "aws_s3_bucket.images",
            "aws_sqs_queue.bot",
            "aws_sqs_queue.bot_dlq"
          ]
        }
      ]
    },
    {
      "mode": "managed",
      "type": "aws_lambda_function",
      "name": "bot",
      "provider": "provider[\"registry.terraform.io/hashicorp/aws\"]",
      "instances": [
        {
          "schema_version": 0,
          "attributes": {
            "architectures": [
              "x86_64"
            ],
            "arn": "arn:aws:lambda:ap-northeast-1:992382383081:function:telegram-food-bot-handler",
            "code_sha256": "5SFQOpaRpYxG7thv8ck2iAddgN3ItE7jqnWWg8mLL94=",
            "code_signing_config_arn": "",
            "dead_letter_config": [],
            "description": "",
            "environment": [
              {
                "variables": {
                  "DYNAMODB_TABLE": "food_logs",
                  "OPENAI_API_KEY_PARAM": "/telegram-food-bot/OPENAI_API_KEY",
                  "OPENAI_MODEL": "gpt-4o-mini",
                  "S3_BUCKET": "telegram-food-bot-images-dev-tokyo",
                  "SESSIONS_TABLE": "sessions",
                  "TELEGRAM_TOKEN_PARAM": "/telegram-food-bot/TELEGRAM_BOT_TOKEN",
                  "USER_PROFILES_TABLE": "user_profiles"
                }
              }
            ],
            "ephemeral_storage": [
              {
                "size": 512
              }
            ],
            "file_system_config": [],
            "filename": "./lambda_build/lambda.zip",
            "function_name": "telegram-food-bot-handler",
            "handler": "src.handler.lambda_handler",
            "id": "telegram-food-bot-handler",
            "image_config": [],
            "image_uri": "",
            "invoke_arn": "arn:aws:apigateway:ap-northeast-1:lambda:path/2015-03-31/functions/arn:aws:lambda:ap-northeast-1:992382383081:function:telegram-food-bot-handler/invocations",
            "kms_key_arn": "",
            "last_modified": "2026-04-04T09:45:21.000+0000",
            "layers": [],
            "logging_config": [
              {
                "application_log_level": "",
                "log_format": "Text",
                "log_group": "/aws/lambda/telegram-food-bot-handler",
                "system_log_level": ""
              }
            ],
            "memory_size": 512,
            "package_type": "Zip",
            "publish": false,
            "qualified_arn": "arn:aws:lambda:ap-northeast-1:992382383081:function:telegram-food-bot-handler:$LATEST",
            "qualified_invoke_arn": "arn:aws:apigateway:ap-northeast-1:lambda:path/2015-03-31/functions/arn:aws:lambda:ap-northeast-1:992382383081:function:telegram-food-bot-handler:$LATEST/invocations",
            "replace_security_groups_on_destroy": null,
            "replacement_security_group_ids": null,
            "reserved_concurrent_executions": -1,
            "role": "arn:aws:iam::992382383081:role/telegram-food-bot-lambda-role",
            "runtime": "python3.11",
            "s3_bucket": null,
            "s3_key": null,
            "s3_object_version": null,
            "signing_job_arn": "",
            "signing_profile_version_arn": "",
            "skip_destroy": false,
            "snap_start": [],
            "source_code_hash": "5SFQOpaRpYxG7thv8ck2iAddgN3ItE7jqnWWg8mLL94=",
            "source_code_size": 25397569,
            "tags": {
              "Environment": "dev",
              "ManagedBy": "terraform",
              "Owner": "nick_ursu",
              "Project": "telegram-food-bot"
            },
            "tags_all": {
              "Environment": "dev",
              "ManagedBy": "terraform",
              "Owner": "nick_ursu",
              "Project": "telegram-food-bot"
            },
            "timeout": 60,
            "timeouts": null,
            "tracing_config": [
              {
                "mode": "PassThrough"
              }
            ],
            "version": "$LATEST",
            "vpc_config": []
          },
          "sensitive_attributes": [],
          "identity_schema_version": 0,
          "private": "eyJlMmJmYjczMC1lY2FhLTExZTYtOGY4OC0zNDM2M2JjN2M0YzAiOnsiY3JlYXRlIjo2MDAwMDAwMDAwMDAsImRlbGV0ZSI6NjAwMDAwMDAwMDAwLCJ1cGRhdGUiOjYwMDAwMDAwMDAwMH19",
          "dependencies": [
            "aws_dynamodb_table.food_logs",
            "aws_dynamodb_table.sessions",
            "aws_dynamodb_table.user_profiles",
            "aws_iam_role.lambda_role",
            "aws_s3_bucket.images"
          ]
        }
      ]
    },
    {
      "mode": "managed",
      "type": "aws_s3_bucket",
      "name": "images",
      "provider": "provider[\"registry.terraform.io/hashicorp/aws\"]",
      "instances": [
        {
          "schema_version": 0,
          "attributes": {
            "acceleration_status": "",
            "acl": null,
            "arn": "arn:aws:s3:::telegram-food-bot-images-dev-tokyo",
            "bucket": "telegram-food-bot-images-dev-tokyo",
            "bucket_domain_name": "telegram-food-bot-images-dev-tokyo.s3.amazonaws.com",
            "bucket_prefix": "",
            "bucket_regional_domain_name": "telegram-food-bot-images-dev-tokyo.s3.ap-northeast-1.amazonaws.com",
            "cors_rule": [],
            "force_destroy": false,
            "grant": [
              {
                "id": "20d776f8e10ca5ea15d89b126c24f4867072e6e7a2dbfdac360d0d306a44acd3",
                "permissions": [
                  "FULL_CONTROL"
                ],
                "type": "CanonicalUser",
                "uri": ""
              }
            ],
            "hosted_zone_id": "Z2M4EHUR26P7ZW",
            "id": "telegram-food-bot-images-dev-tokyo",
            "lifecycle_rule": [],
            "logging": [],
            "object_lock_configuration": [],
            "object_lock_enabled": false,
            "policy": "",
            "region": "ap-northeast-1",
            "replication_configuration": [],
            "request_payer": "BucketOwner",
            "server_side_encryption_configuration": [
              {
                "rule": [
                  {
                    "apply_server_side_encryption_by_default": [
                      {
                        "kms_master_key_id": "",
                        "sse_algorithm": "AES256"
                      }
                    ],
                    "bucket_key_enabled": false
                  }
                ]
              }
            ],
            "tags": {
              "Environment": "dev",
              "ManagedBy": "terraform",
              "Owner": "nick_ursu",
              "Project": "telegram-food-bot"
            },
            "tags_all": {
              "Environment": "dev",
              "ManagedBy": "terraform",
              "Owner": "nick_ursu",
              "Project": "telegram-food-bot"
            },
            "timeouts": null,
            "versioning": [
              {
                "enabled": true,
                "mfa_delete": false
              }
            ],
            "website": [],
            "website_domain": null,
            "website_endpoint": null
          },
          "sensitive_attributes": [],
          "identity_schema_version": 0,
          "private": "eyJlMmJmYjczMC1lY2FhLTExZTYtOGY4OC0zNDM2M2JjN2M0YzAiOnsiY3JlYXRlIjoxMjAwMDAwMDAwMDAwLCJkZWxldGUiOjM2MDAwMDAwMDAwMDAsInJlYWQiOjEyMDAwMDAwMDAwMDAsInVwZGF0ZSI6MTIwMDAwMDAwMDAwMH19"
        }
      ]
    },
    {
      "mode": "managed",
      "type": "aws_s3_bucket_versioning",
      "name": "images_versioning",
      "provider": "provider[\"registry.terraform.io/hashicorp/aws\"]",
      "instances": [
        {
          "schema_version": 0,
          "attributes": {
            "bucket": "telegram-food-bot-images-dev-tokyo",
            "expected_bucket_owner": "",
            "id": "telegram-food-bot-images-dev-tokyo",
            "mfa": null,
            "versioning_configuration": [
              {
                "mfa_delete": "",
                "status": "Enabled"
              }
            ]
          },
          "sensitive_attributes": [],
          "identity_schema_version": 0,
          "private": "bnVsbA==",
          "dependencies": [
            "aws_s3_bucket.images"
          ]
        }
      ]
    },
    {
      "mode": "managed",
      "type": "aws_sqs_queue",
      "name": "bot",
      "provider": "provider[\"registry.terraform.io/hashicorp/aws\"]",
      "instances": [
        {
          "schema_version": 0,
          "attributes": {
            "arn": "arn:aws:sqs:ap-northeast-1:992382383081:telegram-food-bot-queue",
            "content_based_deduplication": false,
            "deduplication_scope": "",
            "delay_seconds": 0,
            "fifo_queue": false,
            "fifo_throughput_limit": "",
            "id": "https://sqs.ap-northeast-1.amazonaws.com/992382383081/telegram-food-bot-queue",
            "kms_data_key_reuse_period_seconds": 300,
            "kms_master_key_id": "",
            "max_message_size": 262144,
            "message_retention_seconds": 3600,
            "name": "telegram-food-bot-queue",
            "name_prefix": "",
            "policy": "",
            "receive_wait_time_seconds": 0,
            "redrive_allow_policy": "",
            "redrive_policy": "{\"deadLetterTargetArn\":\"arn:aws:sqs:ap-northeast-1:992382383081:telegram-food-bot-dlq\",\"maxReceiveCount\":3}",
            "sqs_managed_sse_enabled": true,
            "tags": {},
            "tags_all": {},
            "timeouts": null,
            "url": "https://sqs.ap-northeast-1.amazonaws.com/992382383081/telegram-food-bot-queue",
            "visibility_timeout_seconds": 70
          },
          "sensitive_attributes": [],
          "identity_schema_version": 0,
          "private": "eyJlMmJmYjczMC1lY2FhLTExZTYtOGY4OC0zNDM2M2JjN2M0YzAiOnsiY3JlYXRlIjoxODAwMDAwMDAwMDAsImRlbGV0ZSI6MTgwMDAwMDAwMDAwLCJ1cGRhdGUiOjE4MDAwMDAwMDAwMH19",
          "dependencies": [
            "aws_sqs_queue.bot_dlq"
          ],
          "create_before_destroy": true
        }
      ]
    },
    {
      "mode": "managed",
      "type": "aws_sqs_queue",
      "name": "bot_dlq",
      "provider": "provider[\"registry.terraform.io/hashicorp/aws\"]",
      "instances": [
        {
          "schema_version": 0,
          "attributes": {
            "arn": "arn:aws:sqs:ap-northeast-1:992382383081:telegram-food-bot-dlq",
            "content_based_deduplication": false,
            "deduplication_scope": "",
            "delay_seconds": 0,
            "fifo_queue": false,
            "fifo_throughput_limit": "",
            "id": "https://sqs.ap-northeast-1.amazonaws.com/992382383081/telegram-food-bot-dlq",
            "kms_data_key_reuse_period_seconds": 300,
            "kms_master_key_id": "",
            "max_message_size": 262144,
            "message_retention_seconds": 86400,
            "name": "telegram-food-bot-dlq",
            "name_prefix": "",
            "policy": "",
            "receive_wait_time_seconds": 0,
            "redrive_allow_policy": "",
            "redrive_policy": "",
            "sqs_managed_sse_enabled": true,
            "tags": {},
            "tags_all": {},
            "timeouts": null,
            "url": "https://sqs.ap-northeast-1.amazonaws.com/992382383081/telegram-food-bot-dlq",
            "visibility_timeout_seconds": 30
          },
          "sensitive_attributes": [],
          "identity_schema_version": 0,
          "private": "eyJlMmJmYjczMC1lY2FhLTExZTYtOGY4OC0zNDM2M2JjN2M0YzAiOnsiY3JlYXRlIjoxODAwMDAwMDAwMDAsImRlbGV0ZSI6MTgwMDAwMDAwMDAwLCJ1cGRhdGUiOjE4MDAwMDAwMDAwMH19",
          "create_before_destroy": true
        }
      ]
    }
  ],
  "check_results": null
}
